Microsoft Visual Studio Solution File, Format Version 12.00
# Visual Studio Version 17
VisualStudioVersion = 17.5.2.0
MinimumVisualStudioVersion = 10.0.40219.1
Project("{2150E333-8FDC-42A3-9474-1A3956D46DE8}") = "SolidarityConnection.Api", "SolidarityConnection.Api", "{224BECD0-C6A5-CAD2-886A-ED28596A7E22}"
EndProject
Project("{2150E333-8FDC-42A3-9474-1A3956D46DE8}") = "SolidarityConnection.Application", "SolidarityConnection.Application", "{FF6EEE7B-445C-16F0-0763-AE2A4A35AFAE}"
EndProject
Project("{2150E333-8FDC-42A3-9474-1A3956D46DE8}") = "SolidarityConnection.Domain", "SolidarityConnection.Domain", "{6F4B2606-F6BA-13FD-8EF3-FD568BD46159}"
EndProject
Project("{2150E333-8FDC-42A3-9474-1A3956D46DE8}") = "SolidarityConnection.Infrastructure", "SolidarityConnection.Infrastructure", "{54CDDAEC-4ABB-9089-5026-D2E18B369899}"
EndProject
Project("{2150E333-8FDC-42A3-9474-1A3956D46DE8}") = "SolidarityConnection.Shared", "SolidarityConnection.Shared", "{799407E1-CD11-C9C8-31E3-AA74FFEABE11}"
EndProject
Project("{FAE04EC0-301F-11D3-BF4B-00C04F79EFBC}") = "SolidarityConnection", "SolidarityConnection.Api\SolidarityConnection.csproj", "{73424007-0DF2-407A-E308-95D37A90EB4B}"
EndProject
Project("{FAE04EC0-301F-11D3-BF4B-00C04F79EFBC}") = "SolidarityConnection", "SolidarityConnection.Application\SolidarityConnection.csproj", "{8F6AB046-70B5-4EAA-D8F8-833413C05880}"
EndProject
Project("{FAE04EC0-301F-11D3-BF4B-00C04F79EFBC}") = "SolidarityConnection", "SolidarityConnection.Domain\SolidarityConnection.csproj", "{53B865F4-C7D4-F3AD-9724-E0EC4579D883}"
EndProject
Project("{FAE04EC0-301F-11D3-BF4B-00C04F79EFBC}") = "SolidarityConnection", "SolidarityConnection.Infrastructure\SolidarityConnection.csproj", "{939A0F87-5126-B14F-19D9-925AF39004F6}"
EndProject
Project("{FAE04EC0-301F-11D3-BF4B-00C04F79EFBC}") = "SolidarityConnection", "SolidarityConnection.Shared\SolidarityConnection.csproj", "{DA5A6DE9-6EB9-D9C7-EE76-CEA547FE8C5B}"
EndProject
Global
	GlobalSection(SolutionConfigurationPlatforms) = preSolution
		Debug|Any CPU = Debug|Any CPU
		Release|Any CPU = Release|Any CPU
	EndGlobalSection
	GlobalSection(ProjectConfigurationPlatforms) = postSolution
		{73424007-0DF2-407A-E308-95D37A90EB4B}.Debug|Any CPU.ActiveCfg = Debug|Any CPU
		{73424007-0DF2-407A-E308-95D37A90EB4B}.Debug|Any CPU.Build.0 = Debug|Any CPU
		{73424007-0DF2-407A-E308-95D37A90EB4B}.Release|Any CPU.ActiveCfg = Release|Any CPU
		{73424007-0DF2-407A-E308-95D37A90EB4B}.Release|Any CPU.Build.0 = Release|Any CPU
		{8F6AB046-70B5-4EAA-D8F8-833413C05880}.Debug|Any CPU.ActiveCfg = Debug|Any CPU
		{8F6AB046-70B5-4EAA-D8F8-833413C05880}.Debug|Any CPU.Build.0 = Debug|Any CPU
		{8F6AB046-70B5-4EAA-D8F8-833413C05880}.Release|Any CPU.ActiveCfg = Release|Any CPU
		{8F6AB046-70B5-4EAA-D8F8-833413C05880}.Release|Any CPU.Build.0 = Release|Any CPU
		{53B865F4-C7D4-F3AD-9724-E0EC4579D883}.Debug|Any CPU.ActiveCfg = Debug|Any CPU
		{53B865F4-C7D4-F3AD-9724-E0EC4579D883}.Debug|Any CPU.Build.0 = Debug|Any CPU
		{53B865F4-C7D4-F3AD-9724-E0EC4579D883}.Release|Any CPU.ActiveCfg = Release|Any CPU
		{53B865F4-C7D4-F3AD-9724-E0EC4579D883}.Release|Any CPU.Build.0 = Release|Any CPU
		{939A0F87-5126-B14F-19D9-925AF39004F6}.Debug|Any CPU.ActiveCfg = Debug|Any CPU
		{939A0F87-5126-B14F-19D9-925AF39004F6}.Debug|Any CPU.Build.0 = Debug|Any CPU
		{939A0F87-5126-B14F-19D9-925AF39004F6}.Release|Any CPU.ActiveCfg = Release|Any CPU
		{939A0F87-5126-B14F-19D9-925AF39004F6}.Release|Any CPU.Build.0 = Release|Any CPU
		{DA5A6DE9-6EB9-D9C7-EE76-CEA547FE8C5B}.Debug|Any CPU.ActiveCfg = Debug|Any CPU
		{DA5A6DE9-6EB9-D9C7-EE76-CEA547FE8C5B}.Debug|Any CPU.Build.0 = Debug|Any CPU
		{DA5A6DE9-6EB9-D9C7-EE76-CEA547FE8C5B}.Release|Any CPU.ActiveCfg = Release|Any CPU
		{DA5A6DE9-6EB9-D9C7-EE76-CEA547FE8C5B}.Release|Any CPU.Build.0 = Release|Any CPU
	EndGlobalSection
	GlobalSection(SolutionProperties) = preSolution
		HideSolutionNode = FALSE
	EndGlobalSection
	GlobalSection(NestedProjects) = preSolution
		{73424007-0DF2-407A-E308-95D37A90EB4B} = {224BECD0-C6A5-CAD2-886A-ED28596A7E22}
		{8F6AB046-70B5-4EAA-D8F8-833413C05880} = {FF6EEE7B-445C-16F0-0763-AE2A4A35AFAE}
		{53B865F4-C7D4-F3AD-9724-E0EC4579D883} = {6F4B2606-F6BA-13FD-8EF3-FD568BD46159}
		{939A0F87-5126-B14F-19D9-925AF39004F6} = {54CDDAEC-4ABB-9089-5026-D2E18B369899}
		{DA5A6DE9-6EB9-D9C7-EE76-CEA547FE8C5B} = {799407E1-CD11-C9C8-31E3-AA74FFEABE11}
	EndGlobalSection
	GlobalSection(ExtensibilityGlobals) = postSolution
		SolutionGuid = {257DF82D-7091-4D61-BB0F-75715ED08BCD}
	EndGlobalSection
EndGlobal
